{
  "name": "pigmento-sminkon-core",
  "version": "0.0.1",
  "lockfileVersion": 1,
  "requires": true,
  "dependencies": {
    "deep-extend": {
      "version": "0.5.1",
      "resolved": "https://npm.articstudio.com/deep-extend/-/deep-extend-0.5.1.tgz",
      "integrity": "sha512-N8vBdOa+DF7zkRrDCsaOXoCs/E2fJfx9B9MrKnnSiHNh4ws7eSys6YQE4KvT1cecKmOASYQBhbKjeuDD9lT81w==",
      "dev": true
    },
    "outdated-browser-rework": {
      "version": "2.5.4",
      "resolved": "https://npm.articstudio.com/outdated-browser-rework/-/outdated-browser-rework-2.5.4.tgz",
      "integrity": "sha1-A30YcubqjZ+xpy5JFk2Rm0xzGTU=",
      "dev": true,
      "requires": {
        "deep-extend": "^0.5.0",
        "ua-parser-js": "^0.7.17"
      }
    },
    "ua-parser-js": {
      "version": "0.7.18",
      "resolved": "https://npm.articstudio.com/ua-parser-js/-/ua-parser-js-0.7.18.tgz",
      "integrity": "sha512-LtzwHlVHwFGTptfNSgezHp7WUlwiqb0gA9AALRbKaERfxwJoiX0A73QbTToxteIAuIaFshhgIZfqK8s7clqgnA==",
      "dev": true
    }
  }
}
